
Microsoft Visual Studio Solution File, Format Version 12.00
# Visual Studio Version 17
VisualStudioVersion = 17.11.35219.272
MinimumVisualStudioVersion = 10.0.40219.1
Project("{FAE04EC0-301F-11D3-BF4B-00C04F79EFBC}") = "regex-validate-pin-code", "regex-validate-pin-code\regex-validate-pin-code.csproj", "{A270A97A-01D3-46B1-89B9-A9BA5BD82441}"
EndProject
Global
	GlobalSection(SolutionConfigurationPlatforms) = preSolution
		Debug|Any CPU = Debug|Any CPU
		Release|Any CPU = Release|Any CPU
	EndGlobalSection
	GlobalSection(ProjectConfigurationPlatforms) = postSolution
		{A270A97A-01D3-46B1-89B9-A9BA5BD82441}.Debug|Any CPU.ActiveCfg = Debug|Any CPU
		{A270A97A-01D3-46B1-89B9-A9BA5BD82441}.Debug|Any CPU.Build.0 = Debug|Any CPU
		{A270A97A-01D3-46B1-89B9-A9BA5BD82441}.Release|Any CPU.ActiveCfg = Release|Any CPU
		{A270A97A-01D3-46B1-89B9-A9BA5BD82441}.Release|Any CPU.Build.0 = Release|Any CPU
	EndGlobalSection
	GlobalSection(SolutionProperties) = preSolution
		HideSolutionNode = FALSE
	EndGlobalSection
	GlobalSection(ExtensibilityGlobals) = postSolution
		SolutionGuid = {2312497D-D4F8-4956-9960-FCC477BA3E55}
	EndGlobalSection
EndGlobal
